
Microsoft Visual Studio Solution File, Format Version 12.00
# Visual Studio Version 17
VisualStudioVersion = 17.9.34622.214
MinimumVisualStudioVersion = 10.0.40219.1
Project("{FAE04EC0-301F-11D3-BF4B-00C04F79EFBC}") = "Lab1", "Lab1.csproj", "{8E2F5E04-0753-46DA-B792-147E531EE3D8}"
EndProject
Global
	GlobalSection(SolutionConfigurationPlatforms) = preSolution
		Debug|Any CPU = Debug|Any CPU
		Release|Any CPU = Release|Any CPU
	EndGlobalSection
	GlobalSection(ProjectConfigurationPlatforms) = postSolution
		{8E2F5E04-0753-46DA-B792-147E531EE3D8}.Debug|Any CPU.ActiveCfg = Debug|Any CPU
		{8E2F5E04-0753-46DA-B792-147E531EE3D8}.Debug|Any CPU.Build.0 = Debug|Any CPU
		{8E2F5E04-0753-46DA-B792-147E531EE3D8}.Release|Any CPU.ActiveCfg = Release|Any CPU
		{8E2F5E04-0753-46DA-B792-147E531EE3D8}.Release|Any CPU.Build.0 = Release|Any CPU
	EndGlobalSection
	GlobalSection(SolutionProperties) = preSolution
		HideSolutionNode = FALSE
	EndGlobalSection
	GlobalSection(ExtensibilityGlobals) = postSolution
		SolutionGuid = {1C580408-41BC-4F59-85FF-CE2A08D7567E}
	EndGlobalSection
EndGlobal
